
Microsoft Visual Studio Solution File, Format Version 12.00
# Visual Studio Version 16
VisualStudioVersion = 16.0.30320.27
MinimumVisualStudioVersion = 10.0.40219.1
Project("{FAE04EC0-301F-11D3-BF4B-00C04F79EFBC}") = "MyPlugins", "MyPlugins\MyPlugins.csproj", "{EC945703-DF92-43AA-B891-189EA180C56B}"
EndProject
Global
	GlobalSection(SolutionConfigurationPlatforms) = preSolution
		Debug|Any CPU = Debug|Any CPU
		Release|Any CPU = Release|Any CPU
	EndGlobalSection
	GlobalSection(ProjectConfigurationPlatforms) = postSolution
		{EC945703-DF92-43AA-B891-189EA180C56B}.Debug|Any CPU.ActiveCfg = Debug|Any CPU
		{EC945703-DF92-43AA-B891-189EA180C56B}.Debug|Any CPU.Build.0 = Debug|Any CPU
		{EC945703-DF92-43AA-B891-189EA180C56B}.Release|Any CPU.ActiveCfg = Release|Any CPU
		{EC945703-DF92-43AA-B891-189EA180C56B}.Release|Any CPU.Build.0 = Release|Any CPU
	EndGlobalSection
	GlobalSection(SolutionProperties) = preSolution
		HideSolutionNode = FALSE
	EndGlobalSection
	GlobalSection(ExtensibilityGlobals) = postSolution
		SolutionGuid = {C8996AF1-15E6-4391-A552-F989FA0C6B79}
	EndGlobalSection
EndGlobal
